
Microsoft Visual Studio Solution File, Format Version 11.00
# Visual Studio 2010
Project("{FAE04EC0-301F-11D3-BF4B-00C04F79EFBC}") = "AsteroidRebuttal-Linux", "AsteroidRebuttal-Linux\AsteroidRebuttal-Linux.csproj", "{5E87A4A7-F9DB-464E-BFC5-BCAF8EABCA34}"
EndProject
Global
	GlobalSection(SolutionConfigurationPlatforms) = preSolution
		Debug|x86 = Debug|x86
		Release|x86 = Release|x86
	EndGlobalSection
	GlobalSection(ProjectConfigurationPlatforms) = postSolution
		{5E87A4A7-F9DB-464E-BFC5-BCAF8EABCA34}.Debug|x86.ActiveCfg = Debug|x86
		{5E87A4A7-F9DB-464E-BFC5-BCAF8EABCA34}.Debug|x86.Build.0 = Debug|x86
		{5E87A4A7-F9DB-464E-BFC5-BCAF8EABCA34}.Release|x86.ActiveCfg = Release|x86
		{5E87A4A7-F9DB-464E-BFC5-BCAF8EABCA34}.Release|x86.Build.0 = Release|x86
	EndGlobalSection
	GlobalSection(MonoDevelopProperties) = preSolution
		StartupItem = AsteroidRebuttal-Linux\AsteroidRebuttal-Linux.csproj
	EndGlobalSection
EndGlobal
